
Microsoft Visual Studio Solution File, Format Version 12.00
# Visual Studio Version 16
VisualStudioVersion = 16.0.34407.143
MinimumVisualStudioVersion = 10.0.40219.1
Project("{8BC9CEB8-8B4A-11D0-8D11-00A0C91BC942}") = "CFinalProjectJL", "CFinalProjectJL\CFinalProjectJL.vcxproj", "{D0EB2C90-C8F0-4064-8FA7-0CB25FB4564F}"
EndProject
Global
	GlobalSection(SolutionConfigurationPlatforms) = preSolution
		Debug|x64 = Debug|x64
		Debug|x86 = Debug|x86
		Release|x64 = Release|x64
		Release|x86 = Release|x86
	EndGlobalSection
	GlobalSection(ProjectConfigurationPlatforms) = postSolution
		{D0EB2C90-C8F0-4064-8FA7-0CB25FB4564F}.Debug|x64.ActiveCfg = Debug|x64
		{D0EB2C90-C8F0-4064-8FA7-0CB25FB4564F}.Debug|x64.Build.0 = Debug|x64
		{D0EB2C90-C8F0-4064-8FA7-0CB25FB4564F}.Debug|x86.ActiveCfg = Debug|Win32
		{D0EB2C90-C8F0-4064-8FA7-0CB25FB4564F}.Debug|x86.Build.0 = Debug|Win32
		{D0EB2C90-C8F0-4064-8FA7-0CB25FB4564F}.Release|x64.ActiveCfg = Release|x64
		{D0EB2C90-C8F0-4064-8FA7-0CB25FB4564F}.Release|x64.Build.0 = Release|x64
		{D0EB2C90-C8F0-4064-8FA7-0CB25FB4564F}.Release|x86.ActiveCfg = Release|Win32
		{D0EB2C90-C8F0-4064-8FA7-0CB25FB4564F}.Release|x86.Build.0 = Release|Win32
	EndGlobalSection
	GlobalSection(SolutionProperties) = preSolution
		HideSolutionNode = FALSE
	EndGlobalSection
	GlobalSection(ExtensibilityGlobals) = postSolution
		SolutionGuid = {CFD93FB8-7ADD-494B-AB9B-54EA73D3DA09}
	EndGlobalSection
EndGlobal
